
Microsoft Visual Studio Solution File, Format Version 12.00
# Visual Studio Version 17
VisualStudioVersion = 17.14.37328.6 d17.14
MinimumVisualStudioVersion = 10.0.40219.1
Project("{FAE04EC0-301F-11D3-BF4B-00C04F79EFBC}") = "BewerbungsSeite", "RazorPagesMovie\BewerbungsSeite.csproj", "{C0057BD2-8BA3-42C8-BCB3-B372A9E06DC6}"
EndProject
Global
	GlobalSection(SolutionConfigurationPlatforms) = preSolution
		Debug|Any CPU = Debug|Any CPU
		Release|Any CPU = Release|Any CPU
	EndGlobalSection
	GlobalSection(ProjectConfigurationPlatforms) = postSolution
		{C0057BD2-8BA3-42C8-BCB3-B372A9E06DC6}.Debug|Any CPU.ActiveCfg = Debug|Any CPU
		{C0057BD2-8BA3-42C8-BCB3-B372A9E06DC6}.Debug|Any CPU.Build.0 = Debug|Any CPU
		{C0057BD2-8BA3-42C8-BCB3-B372A9E06DC6}.Release|Any CPU.ActiveCfg = Release|Any CPU
		{C0057BD2-8BA3-42C8-BCB3-B372A9E06DC6}.Release|Any CPU.Build.0 = Release|Any CPU
	EndGlobalSection
	GlobalSection(SolutionProperties) = preSolution
		HideSolutionNode = FALSE
	EndGlobalSection
	GlobalSection(ExtensibilityGlobals) = postSolution
		SolutionGuid = {5BE94117-5970-4C15-96DA-EE0FF86973B5}
	EndGlobalSection
EndGlobal
